
Microsoft Visual Studio Solution File, Format Version 12.00
# Visual Studio Version 16
VisualStudioVersion = 16.0.31112.23
MinimumVisualStudioVersion = 10.0.40219.1
Project("{FAE04EC0-301F-11D3-BF4B-00C04F79EFBC}") = "Bankaskipan", "Bankaskipan\Bankaskipan.csproj", "{935D5003-E876-486D-9E4E-6018201CA447}"
EndProject
Global
	GlobalSection(SolutionConfigurationPlatforms) = preSolution
		Debug|Any CPU = Debug|Any CPU
		Release|Any CPU = Release|Any CPU
	EndGlobalSection
	GlobalSection(ProjectConfigurationPlatforms) = postSolution
		{935D5003-E876-486D-9E4E-6018201CA447}.Debug|Any CPU.ActiveCfg = Debug|Any CPU
		{935D5003-E876-486D-9E4E-6018201CA447}.Debug|Any CPU.Build.0 = Debug|Any CPU
		{935D5003-E876-486D-9E4E-6018201CA447}.Release|Any CPU.ActiveCfg = Release|Any CPU
		{935D5003-E876-486D-9E4E-6018201CA447}.Release|Any CPU.Build.0 = Release|Any CPU
	EndGlobalSection
	GlobalSection(SolutionProperties) = preSolution
		HideSolutionNode = FALSE
	EndGlobalSection
	GlobalSection(ExtensibilityGlobals) = postSolution
		SolutionGuid = {54D04C0D-C971-4B7F-B625-EACD26D15813}
	EndGlobalSection
EndGlobal
